
Microsoft Visual Studio Solution File, Format Version 12.00
# Visual Studio Version 17
VisualStudioVersion = 17.6.33815.320
MinimumVisualStudioVersion = 10.0.40219.1
Project("{9A19103F-16F7-4668-BE54-9A1E7A4F7556}") = "ConferenceStatistics.Tests", "ConferenceStatistics.Tests\ConferenceStatistics.Tests.csproj", "{FAB21E5B-1DC0-4B7C-B22C-F908ECF39654}"
EndProject
Project("{FAE04EC0-301F-11D3-BF4B-00C04F79EFBC}") = "ConferenceStatistics", "ConferenceStatistics\ConferenceStatistics.csproj", "{F6440BF7-4979-435F-A673-6848FEB0F47E}"
EndProject
Global
	GlobalSection(SolutionConfigurationPlatforms) = preSolution
		Debug|Any CPU = Debug|Any CPU
		Release|Any CPU = Release|Any CPU
	EndGlobalSection
	GlobalSection(ProjectConfigurationPlatforms) = postSolution
		{FAB21E5B-1DC0-4B7C-B22C-F908ECF39654}.Debug|Any CPU.ActiveCfg = Debug|Any CPU
		{FAB21E5B-1DC0-4B7C-B22C-F908ECF39654}.Debug|Any CPU.Build.0 = Debug|Any CPU
		{FAB21E5B-1DC0-4B7C-B22C-F908ECF39654}.Release|Any CPU.ActiveCfg = Release|Any CPU
		{FAB21E5B-1DC0-4B7C-B22C-F908ECF39654}.Release|Any CPU.Build.0 = Release|Any CPU
		{F6440BF7-4979-435F-A673-6848FEB0F47E}.Debug|Any CPU.ActiveCfg = Debug|Any CPU
		{F6440BF7-4979-435F-A673-6848FEB0F47E}.Debug|Any CPU.Build.0 = Debug|Any CPU
		{F6440BF7-4979-435F-A673-6848FEB0F47E}.Release|Any CPU.ActiveCfg = Release|Any CPU
		{F6440BF7-4979-435F-A673-6848FEB0F47E}.Release|Any CPU.Build.0 = Release|Any CPU
	EndGlobalSection
	GlobalSection(SolutionProperties) = preSolution
		HideSolutionNode = FALSE
	EndGlobalSection
	GlobalSection(ExtensibilityGlobals) = postSolution
		SolutionGuid = {ACED4208-F7A3-41A9-9DA1-2624EDE0016F}
	EndGlobalSection
EndGlobal
